
Microsoft Visual Studio Solution File, Format Version 12.00
# Visual Studio Version 17
VisualStudioVersion = 17.1.32421.90
MinimumVisualStudioVersion = 10.0.40219.1
Project("{FAE04EC0-301F-11D3-BF4B-00C04F79EFBC}") = "PizzaMizzaDesktop", "PizzaMizzaDesktop\PizzaMizzaDesktop.csproj", "{C97AD29C-B162-4E5F-BEE7-BAD22987FC64}"
EndProject
Global
	GlobalSection(SolutionConfigurationPlatforms) = preSolution
		Debug|Any CPU = Debug|Any CPU
		Release|Any CPU = Release|Any CPU
	EndGlobalSection
	GlobalSection(ProjectConfigurationPlatforms) = postSolution
		{C97AD29C-B162-4E5F-BEE7-BAD22987FC64}.Debug|Any CPU.ActiveCfg = Debug|Any CPU
		{C97AD29C-B162-4E5F-BEE7-BAD22987FC64}.Debug|Any CPU.Build.0 = Debug|Any CPU
		{C97AD29C-B162-4E5F-BEE7-BAD22987FC64}.Release|Any CPU.ActiveCfg = Release|Any CPU
		{C97AD29C-B162-4E5F-BEE7-BAD22987FC64}.Release|Any CPU.Build.0 = Release|Any CPU
	EndGlobalSection
	GlobalSection(SolutionProperties) = preSolution
		HideSolutionNode = FALSE
	EndGlobalSection
	GlobalSection(ExtensibilityGlobals) = postSolution
		SolutionGuid = {82EE9406-6ABB-495D-A905-B18F6A0EB737}
	EndGlobalSection
EndGlobal
